
Microsoft Visual Studio Solution File, Format Version 12.00
# Visual Studio Version 17
VisualStudioVersion = 17.11.35222.181
MinimumVisualStudioVersion = 10.0.40219.1
Project("{2150E333-8FDC-42A3-9474-1A3956D46DE8}") = "src", "src", "{A6EB2EB0-8265-4B80-BEF4-3C33E02AAE93}"
EndProject
Project("{2150E333-8FDC-42A3-9474-1A3956D46DE8}") = "test", "test", "{D5E099CE-A201-46D7-AC45-CF85ADD6DD0D}"
EndProject
Project("{2150E333-8FDC-42A3-9474-1A3956D46DE8}") = "Core", "Core", "{3A66F9D0-0231-46BE-B954-F742D995C1AF}"
EndProject
Project("{2150E333-8FDC-42A3-9474-1A3956D46DE8}") = "Infrastructure", "Infrastructure", "{DA08CC79-5910-4FEA-A995-B19ED8B82FB0}"
EndProject
Project("{2150E333-8FDC-42A3-9474-1A3956D46DE8}") = "API", "API", "{86E2DFA7-9962-43CF-B431-7F21A8F67B86}"
EndProject
Project("{9A19103F-16F7-4668-BE54-9A1E7A4F7556}") = "YemenSchoolsV1.Domain", "YemenSchoolsV1.Domain\YemenSchoolsV1.Domain.csproj", "{EEF4818D-9DA4-45A2-9816-21FAF9180333}"
EndProject
Project("{9A19103F-16F7-4668-BE54-9A1E7A4F7556}") = "YemenSchoolsV1.Application", "YemenSchoolsV1.Application\YemenSchoolsV1.Application.csproj", "{BB9F75C9-11CD-4964-8DBF-C3D4736C7773}"
EndProject
Project("{9A19103F-16F7-4668-BE54-9A1E7A4F7556}") = "YemenSchoolsV1.API", "YemenSchoolsV1.API\YemenSchoolsV1.API.csproj", "{B6AB93D0-CCDC-4B66-82DC-05AAD6F35153}"
EndProject
Project("{FAE04EC0-301F-11D3-BF4B-00C04F79EFBC}") = "YemenSchoolsV1.Persistence", "YemenSchoolsV1.Persistence\YemenSchoolsV1.Persistence.csproj", "{3400ABCA-DFC1-4D39-A6BC-BB0513E48501}"
EndProject
Project("{2150E333-8FDC-42A3-9474-1A3956D46DE8}") = "Services", "Services", "{A9B8B00C-C78A-44FD-9267-DE759137FA28}"
EndProject
Project("{FAE04EC0-301F-11D3-BF4B-00C04F79EFBC}") = "YemenSchoolsV1.Services", "YemenSchoolsV1.Services\YemenSchoolsV1.Services.csproj", "{40E84B03-87DC-4E95-BF67-50AAC2B8319E}"
EndProject
Global
	GlobalSection(SolutionConfigurationPlatforms) = preSolution
		Debug|Any CPU = Debug|Any CPU
		Release|Any CPU = Release|Any CPU
	EndGlobalSection
	GlobalSection(ProjectConfigurationPlatforms) = postSolution
		{EEF4818D-9DA4-45A2-9816-21FAF9180333}.Debug|Any CPU.ActiveCfg = Debug|Any CPU
		{EEF4818D-9DA4-45A2-9816-21FAF9180333}.Debug|Any CPU.Build.0 = Debug|Any CPU
		{EEF4818D-9DA4-45A2-9816-21FAF9180333}.Release|Any CPU.ActiveCfg = Release|Any CPU
		{EEF4818D-9DA4-45A2-9816-21FAF9180333}.Release|Any CPU.Build.0 = Release|Any CPU
		{BB9F75C9-11CD-4964-8DBF-C3D4736C7773}.Debug|Any CPU.ActiveCfg = Debug|Any CPU
		{BB9F75C9-11CD-4964-8DBF-C3D4736C7773}.Debug|Any CPU.Build.0 = Debug|Any CPU
		{BB9F75C9-11CD-4964-8DBF-C3D4736C7773}.Release|Any CPU.ActiveCfg = Release|Any CPU
		{BB9F75C9-11CD-4964-8DBF-C3D4736C7773}.Release|Any CPU.Build.0 = Release|Any CPU
		{B6AB93D0-CCDC-4B66-82DC-05AAD6F35153}.Debug|Any CPU.ActiveCfg = Debug|Any CPU
		{B6AB93D0-CCDC-4B66-82DC-05AAD6F35153}.Debug|Any CPU.Build.0 = Debug|Any CPU
		{B6AB93D0-CCDC-4B66-82DC-05AAD6F35153}.Release|Any CPU.ActiveCfg = Release|Any CPU
		{B6AB93D0-CCDC-4B66-82DC-05AAD6F35153}.Release|Any CPU.Build.0 = Release|Any CPU
		{3400ABCA-DFC1-4D39-A6BC-BB0513E48501}.Debug|Any CPU.ActiveCfg = Debug|Any CPU
		{3400ABCA-DFC1-4D39-A6BC-BB0513E48501}.Debug|Any CPU.Build.0 = Debug|Any CPU
		{3400ABCA-DFC1-4D39-A6BC-BB0513E48501}.Release|Any CPU.ActiveCfg = Release|Any CPU
		{3400ABCA-DFC1-4D39-A6BC-BB0513E48501}.Release|Any CPU.Build.0 = Release|Any CPU
		{40E84B03-87DC-4E95-BF67-50AAC2B8319E}.Debug|Any CPU.ActiveCfg = Debug|Any CPU
		{40E84B03-87DC-4E95-BF67-50AAC2B8319E}.Debug|Any CPU.Build.0 = Debug|Any CPU
		{40E84B03-87DC-4E95-BF67-50AAC2B8319E}.Release|Any CPU.ActiveCfg = Release|Any CPU
		{40E84B03-87DC-4E95-BF67-50AAC2B8319E}.Release|Any CPU.Build.0 = Release|Any CPU
	EndGlobalSection
	GlobalSection(SolutionProperties) = preSolution
		HideSolutionNode = FALSE
	EndGlobalSection
	GlobalSection(NestedProjects) = preSolution
		{3A66F9D0-0231-46BE-B954-F742D995C1AF} = {A6EB2EB0-8265-4B80-BEF4-3C33E02AAE93}
		{DA08CC79-5910-4FEA-A995-B19ED8B82FB0} = {A6EB2EB0-8265-4B80-BEF4-3C33E02AAE93}
		{86E2DFA7-9962-43CF-B431-7F21A8F67B86} = {A6EB2EB0-8265-4B80-BEF4-3C33E02AAE93}
		{EEF4818D-9DA4-45A2-9816-21FAF9180333} = {3A66F9D0-0231-46BE-B954-F742D995C1AF}
		{BB9F75C9-11CD-4964-8DBF-C3D4736C7773} = {3A66F9D0-0231-46BE-B954-F742D995C1AF}
		{B6AB93D0-CCDC-4B66-82DC-05AAD6F35153} = {86E2DFA7-9962-43CF-B431-7F21A8F67B86}
		{3400ABCA-DFC1-4D39-A6BC-BB0513E48501} = {DA08CC79-5910-4FEA-A995-B19ED8B82FB0}
		{A9B8B00C-C78A-44FD-9267-DE759137FA28} = {86E2DFA7-9962-43CF-B431-7F21A8F67B86}
		{40E84B03-87DC-4E95-BF67-50AAC2B8319E} = {A9B8B00C-C78A-44FD-9267-DE759137FA28}
	EndGlobalSection
	GlobalSection(ExtensibilityGlobals) = postSolution
		SolutionGuid = {99F6818C-64F8-4A89-B338-7F19EF83070F}
	EndGlobalSection
EndGlobal
